// !$*UTF8*$!
{
	archiveVersion = 1;
	classes = {
	};
	objectVersion = 77;
	objects = {

/* Begin PBXBuildFile section */
		0B0229EB2EC91E47004C9925 /* WidgetKit.framework in Frameworks */ = {isa = PBXBuildFile; fileRef = 0B0229EA2EC91E47004C9925 /* WidgetKit.framework */; };
		0B0229ED2EC91E47004C9925 /* SwiftUI.framework in Frameworks */ = {isa = PBXBuildFile; fileRef = 0B0229EC2EC91E47004C9925 /* SwiftUI.framework */; };
		0B0229FE2EC91E49004C9925 /* TomaAguitaWidgetExtension.appex in Embed Foundation Extensions */ = {isa = PBXBuildFile; fileRef = 0B0229E82EC91E46004C9925 /* TomaAguitaWidgetExtension.appex */; settings = {ATTRIBUTES = (RemoveHeadersOnCopy, ); }; };
/* End PBXBuildFile section */

/* Begin PBXContainerItemProxy section */
		0B0229C32EC91286004C9925 /* PBXContainerItemProxy */ = {
			isa = PBXContainerItemProxy;
			containerPortal = 0B0229AD2EC91285004C9925 /* Project object */;
			proxyType = 1;
			remoteGlobalIDString = 0B0229B42EC91285004C9925;
			remoteInfo = "toma-aguita";
		};
		0B0229CD2EC91286004C9925 /* PBXContainerItemProxy */ = {
			isa = PBXContainerItemProxy;
			containerPortal = 0B0229AD2EC91285004C9925 /* Project object */;
			proxyType = 1;
			remoteGlobalIDString = 0B0229B42EC91285004C9925;
			remoteInfo = "toma-aguita";
		};
		0B0229FC2EC91E49004C9925 /* PBXContainerItemProxy */ = {
			isa = PBXContainerItemProxy;
			containerPortal = 0B0229AD2EC91285004C9925 /* Project object */;
			proxyType = 1;
			remoteGlobalIDString = 0B0229E72EC91E46004C9925;
			remoteInfo = TomaAguitaWidgetExtension;
		};
/* End PBXContainerItemProxy section */

/* Begin PBXCopyFilesBuildPhase section */
		0B022A032EC91E49004C9925 /* Embed Foundation Extensions */ = {
			isa = PBXCopyFilesBuildPhase;
			buildActionMask = 2147483647;
			dstPath = "";
			dstSubfolderSpec = 13;
			files = (
				0B0229FE2EC91E49004C9925 /* TomaAguitaWidgetExtension.appex in Embed Foundation Extensions */,
			);
			name = "Embed Foundation Extensions";
			runOnlyForDeploymentPostprocessing = 0;
		};
/* End PBXCopyFilesBuildPhase section */

/* Begin PBXFileReference section */
		0B0229B52EC91285004C9925 /* toma-aguita.app */ = {isa = PBXFileReference; explicitFileType = wrapper.application; includeInIndex = 0; path = "toma-aguita.app"; sourceTree = BUILT_PRODUCTS_DIR; };
		0B0229C22EC91286004C9925 /* toma-aguitaTests.xctest */ = {isa = PBXFileReference; explicitFileType = wrapper.cfbundle; includeInIndex = 0; path = "toma-aguitaTests.xctest"; sourceTree = BUILT_PRODUCTS_DIR; };
		0B0229CC2EC91286004C9925 /* toma-aguitaUITests.xctest */ = {isa = PBXFileReference; explicitFileType = wrapper.cfbundle; includeInIndex = 0; path = "toma-aguitaUITests.xctest"; sourceTree = BUILT_PRODUCTS_DIR; };
		0B0229E82EC91E46004C9925 /* TomaAguitaWidgetExtension.appex */ = {isa = PBXFileReference; explicitFileType = "wrapper.app-extension"; includeInIndex = 0; path = TomaAguitaWidgetExtension.appex; sourceTree = BUILT_PRODUCTS_DIR; };
		0B0229EA2EC91E47004C9925 /* WidgetKit.framework */ = {isa = PBXFileReference; lastKnownFileType = wrapper.framework; name = WidgetKit.framework; path = System/Library/Frameworks/WidgetKit.framework; sourceTree = SDKROOT; };
		0B0229EC2EC91E47004C9925 /* SwiftUI.framework */ = {isa = PBXFileReference; lastKnownFileType = wrapper.framework; name = SwiftUI.framework; path = System/Library/Frameworks/SwiftUI.framework; sourceTree = SDKROOT; };
		0BD251A72EF50BA200820E75 /* TomaAguitaWidgetExtension.entitlements */ = {isa = PBXFileReference; lastKnownFileType = text.plist.entitlements; path = TomaAguitaWidgetExtension.entitlements; sourceTree = "<group>"; };
/* End PBXFileReference section */

/* Begin PBXFileSystemSynchronizedBuildFileExceptionSet section */
		0BD251DE2EF7278600820E75 /* Exceptions for "toma-aguita" folder in "TomaAguitaWidgetExtension" target */ = {
			isa = PBXFileSystemSynchronizedBuildFileExceptionSet;
			membershipExceptions = (
				Models/ColorSchemeOption.swift,
				Models/PreferencesManager.swift,
				Models/UnitMode.swift,
				Models/WaterIntakeRecord.swift,
			);
			target = 0B0229E72EC91E46004C9925 /* TomaAguitaWidgetExtension */;
		};
/* End PBXFileSystemSynchronizedBuildFileExceptionSet section */

/* Begin PBXFileSystemSynchronizedRootGroup section */
		0B0229B72EC91285004C9925 /* toma-aguita */ = {
			isa = PBXFileSystemSynchronizedRootGroup;
			exceptions = (
				0BD251DE2EF7278600820E75 /* Exceptions for "toma-aguita" folder in "TomaAguitaWidgetExtension" target */,
			);
			path = "toma-aguita";
			sourceTree = "<group>";
		};
		0B0229C52EC91286004C9925 /* toma-aguitaTests */ = {
			isa = PBXFileSystemSynchronizedRootGroup;
			path = "toma-aguitaTests";
			sourceTree = "<group>";
		};
		0B0229CF2EC91286004C9925 /* toma-aguitaUITests */ = {
			isa = PBXFileSystemSynchronizedRootGroup;
			path = "toma-aguitaUITests";
			sourceTree = "<group>";
		};
		0B0229EE2EC91E47004C9925 /* TomaAguitaWidget */ = {
			isa = PBXFileSystemSynchronizedRootGroup;
			path = TomaAguitaWidget;
			sourceTree = "<group>";
		};
/* End PBXFileSystemSynchronizedRootGroup section */

/* Begin PBXFrameworksBuildPhase section */
		0B0229B22EC91285004C9925 /* Frameworks */ = {
			isa = PBXFrameworksBuildPhase;
			buildActionMask = 2147483647;
			files = (
			);
			runOnlyForDeploymentPostprocessing = 0;
		};
		0B0229BF2EC91286004C9925 /* Frameworks */ = {
			isa = PBXFrameworksBuildPhase;
			buildActionMask = 2147483647;
			files = (
			);
			runOnlyForDeploymentPostprocessing = 0;
		};
		0B0229C92EC91286004C9925 /* Frameworks */ = {
			isa = PBXFrameworksBuildPhase;
			buildActionMask = 2147483647;
			files = (
			);
			runOnlyForDeploymentPostprocessing = 0;
		};
		0B0229E52EC91E46004C9925 /* Frameworks */ = {
			isa = PBXFrameworksBuildPhase;
			buildActionMask = 2147483647;
			files = (
				0B0229ED2EC91E47004C9925 /* SwiftUI.framework in Frameworks */,
				0B0229EB2EC91E47004C9925 /* WidgetKit.framework in Frameworks */,
			);
			runOnlyForDeploymentPostprocessing = 0;
		};
/* End PBXFrameworksBuildPhase section */

/* Begin PBXGroup section */
		0B0229AC2EC91285004C9925 = {
			isa = PBXGroup;
			children = (
				0BD251A72EF50BA200820E75 /* TomaAguitaWidgetExtension.entitlements */,
				0B0229B72EC91285004C9925 /* toma-aguita */,
				0B0229C52EC91286004C9925 /* toma-aguitaTests */,
				0B0229CF2EC91286004C9925 /* toma-aguitaUITests */,
				0B0229EE2EC91E47004C9925 /* TomaAguitaWidget */,
				0B0229E92EC91E47004C9925 /* Frameworks */,
				0B0229B62EC91285004C9925 /* Products */,
			);
			sourceTree = "<group>";
		};
		0B0229B62EC91285004C9925 /* Products */ = {
			isa = PBXGroup;
			children = (
				0B0229B52EC91285004C9925 /* toma-aguita.app */,
				0B0229C22EC91286004C9925 /* toma-aguitaTests.xctest */,
				0B0229CC2EC91286004C9925 /* toma-aguitaUITests.xctest */,
				0B0229E82EC91E46004C9925 /* TomaAguitaWidgetExtension.appex */,
			);
			name = Products;
			sourceTree = "<group>";
		};
		0B0229E92EC91E47004C9925 /* Frameworks */ = {
			isa = PBXGroup;
			children = (
				0B0229EA2EC91E47004C9925 /* WidgetKit.framework */,
				0B0229EC2EC91E47004C9925 /* SwiftUI.framework */,
			);
			name = Frameworks;
			sourceTree = "<group>";
		};
/* End PBXGroup section */

/* Begin PBXNativeTarget section */
		0B0229B42EC91285004C9925 /* toma-aguita */ = {
			isa = PBXNativeTarget;
			buildConfigurationList = 0B0229D62EC91286004C9925 /* Build configuration list for PBXNativeTarget "toma-aguita" */;
			buildPhases = (
				0B0229B12EC91285004C9925 /* Sources */,
				0B0229B22EC91285004C9925 /* Frameworks */,
				0B0229B32EC91285004C9925 /* Resources */,
				0B022A032EC91E49004C9925 /* Embed Foundation Extensions */,
			);
			buildRules = (
			);
			dependencies = (
				0B0229FD2EC91E49004C9925 /* PBXTargetDependency */,
			);
			fileSystemSynchronizedGroups = (
				0B0229B72EC91285004C9925 /* toma-aguita */,
			);
			name = "toma-aguita";
			packageProductDependencies = (
			);
			productName = "toma-aguita";
			productReference = 0B0229B52EC91285004C9925 /* toma-aguita.app */;
			productType = "com.apple.product-type.application";
		};
		0B0229C12EC91286004C9925 /* toma-aguitaTests */ = {
			isa = PBXNativeTarget;
			buildConfigurationList = 0B0229D92EC91286004C9925 /* Build configuration list for PBXNativeTarget "toma-aguitaTests" */;
			buildPhases = (
				0B0229BE2EC91286004C9925 /* Sources */,
				0B0229BF2EC91286004C9925 /* Frameworks */,
				0B0229C02EC91286004C9925 /* Resources */,
			);
			buildRules = (
			);
			dependencies = (
				0B0229C42EC91286004C9925 /* PBXTargetDependency */,
			);
			fileSystemSynchronizedGroups = (
				0B0229C52EC91286004C9925 /* toma-aguitaTests */,
			);
			name = "toma-aguitaTests";
			packageProductDependencies = (
			);
			productName = "toma-aguitaTests";
			productReference = 0B0229C22EC91286004C9925 /* toma-aguitaTests.xctest */;
			productType = "com.apple.product-type.bundle.unit-test";
		};
		0B0229CB2EC91286004C9925 /* toma-aguitaUITests */ = {
			isa = PBXNativeTarget;
			buildConfigurationList = 0B0229DC2EC91286004C9925 /* Build configuration list for PBXNativeTarget "toma-aguitaUITests" */;
			buildPhases = (
				0B0229C82EC91286004C9925 /* Sources */,
				0B0229C92EC91286004C9925 /* Frameworks */,
				0B0229CA2EC91286004C9925 /* Resources */,
			);
			buildRules = (
			);
			dependencies = (
				0B0229CE2EC91286004C9925 /* PBXTargetDependency */,
			);
			fileSystemSynchronizedGroups = (
				0B0229CF2EC91286004C9925 /* toma-aguitaUITests */,
			);
			name = "toma-aguitaUITests";
			packageProductDependencies = (
			);
			productName = "toma-aguitaUITests";
			productReference = 0B0229CC2EC91286004C9925 /* toma-aguitaUITests.xctest */;
			productType = "com.apple.product-type.bundle.ui-testing";
		};
		0B0229E72EC91E46004C9925 /* TomaAguitaWidgetExtension */ = {
			isa = PBXNativeTarget;
			buildConfigurationList = 0B022A002EC91E49004C9925 /* Build configuration list for PBXNativeTarget "TomaAguitaWidgetExtension" */;
			buildPhases = (
				0B0229E42EC91E46004C9925 /* Sources */,
				0B0229E52EC91E46004C9925 /* Frameworks */,
				0B0229E62EC91E46004C9925 /* Resources */,
			);
			buildRules = (
			);
			dependencies = (
			);
			fileSystemSynchronizedGroups = (
				0B0229EE2EC91E47004C9925 /* TomaAguitaWidget */,
			);
			name = TomaAguitaWidgetExtension;
			packageProductDependencies = (
			);
			productName = TomaAguitaWidgetExtension;
			productReference = 0B0229E82EC91E46004C9925 /* TomaAguitaWidgetExtension.appex */;
			productType = "com.apple.product-type.app-extension";
		};
/* End PBXNativeTarget section */

/* Begin PBXProject section */
		0B0229AD2EC91285004C9925 /* Project object */ = {
			isa = PBXProject;
			attributes = {
				BuildIndependentTargetsInParallel = 1;
				LastSwiftUpdateCheck = 1640;
				LastUpgradeCheck = 1640;
				TargetAttributes = {
					0B0229B42EC91285004C9925 = {
						CreatedOnToolsVersion = 16.4;
					};
					0B0229C12EC91286004C9925 = {
						CreatedOnToolsVersion = 16.4;
						TestTargetID = 0B0229B42EC91285004C9925;
					};
					0B0229CB2EC91286004C9925 = {
						CreatedOnToolsVersion = 16.4;
						TestTargetID = 0B0229B42EC91285004C9925;
					};
					0B0229E72EC91E46004C9925 = {
						CreatedOnToolsVersion = 16.4;
					};
				};
			};
			buildConfigurationList = 0B0229B02EC91285004C9925 /* Build configuration list for PBXProject "toma-aguita" */;
			developmentRegion = en;
			hasScannedForEncodings = 0;
			knownRegions = (
				en,
				Base,
			);
			mainGroup = 0B0229AC2EC91285004C9925;
			minimizedProjectReferenceProxies = 1;
			preferredProjectObjectVersion = 77;
			productRefGroup = 0B0229B62EC91285004C9925 /* Products */;
			projectDirPath = "";
			projectRoot = "";
			targets = (
				0B0229B42EC91285004C9925 /* toma-aguita */,
				0B0229C12EC91286004C9925 /* toma-aguitaTests */,
				0B0229CB2EC91286004C9925 /* toma-aguitaUITests */,
				0B0229E72EC91E46004C9925 /* TomaAguitaWidgetExtension */,
			);
		};
/* End PBXProject section */

/* Begin PBXResourcesBuildPhase section */
		0B0229B32EC91285004C9925 /* Resources */ = {
			isa = PBXResourcesBuildPhase;
			buildActionMask = 2147483647;
			files = (
			);
			runOnlyForDeploymentPostprocessing = 0;
		};
		0B0229C02EC91286004C9925 /* Resources */ = {
			isa = PBXResourcesBuildPhase;
			buildActionMask = 2147483647;
			files = (
			);
			runOnlyForDeploymentPostprocessing = 0;
		};
		0B0229CA2EC91286004C9925 /* Resources */ = {
			isa = PBXResourcesBuildPhase;
			buildActionMask = 2147483647;
			files = (
			);
			runOnlyForDeploymentPostprocessing = 0;
		};
		0B0229E62EC91E46004C9925 /* Resources */ = {
			isa = PBXResourcesBuildPhase;
			buildActionMask = 2147483647;
			files = (
			);
			runOnlyForDeploymentPostprocessing = 0;
		};
/* End PBXResourcesBuildPhase section */

/* Begin PBXSourcesBuildPhase section */
		0B0229B12EC91285004C9925 /* Sources */ = {
			isa = PBXSourcesBuildPhase;
			buildActionMask = 2147483647;
			files = (
			);
			runOnlyForDeploymentPostprocessing = 0;
		};
		0B0229BE2EC91286004C9925 /* Sources */ = {
			isa = PBXSourcesBuildPhase;
			buildActionMask = 2147483647;
			files = (
			);
			runOnlyForDeploymentPostprocessing = 0;
		};
		0B0229C82EC91286004C9925 /* Sources */ = {
			isa = PBXSourcesBuildPhase;
			buildActionMask = 2147483647;
			files = (
			);
			runOnlyForDeploymentPostprocessing = 0;
		};
		0B0229E42EC91E46004C9925 /* Sources */ = {
			isa = PBXSourcesBuildPhase;
			buildActionMask = 2147483647;
			files = (
			);
			runOnlyForDeploymentPostprocessing = 0;
		};
/* End PBXSourcesBuildPhase section */

/* Begin PBXTargetDependency section */
		0B0229C42EC91286004C9925 /* PBXTargetDependency */ = {
			isa = PBXTargetDependency;
			target = 0B0229B42EC91285004C9925 /* toma-aguita */;
			targetProxy = 0B0229C32EC91286004C9925 /* PBXContainerItemProxy */;
		};
		0B0229CE2EC91286004C9925 /* PBXTargetDependency */ = {
			isa = PBXTargetDependency;
			target = 0B0229B42EC91285004C9925 /* toma-aguita */;
			targetProxy = 0B0229CD2EC91286004C9925 /* PBXContainerItemProxy */;
		};
		0B0229FD2EC91E49004C9925 /* PBXTargetDependency */ = {
			isa = PBXTargetDependency;
			target = 0B0229E72EC91E46004C9925 /* TomaAguitaWidgetExtension */;
			targetProxy = 0B0229FC2EC91E49004C9925 /* PBXContainerItemProxy */;
		};
/* End PBXTargetDependency section */

/* Begin XCBuildConfiguration section */
		0B0229D42EC91286004C9925 /* Debug */ = {
			isa = XCBuildConfiguration;
			buildSettings = {
				ALWAYS_SEARCH_USER_PATHS = NO;
				ASSETCATALOG_COMPILER_GENERATE_SWIFT_ASSET_SYMBOL_EXTENSIONS = YES;
				CLANG_ANALYZER_NONNULL = YES;
				CLANG_ANALYZER_NUMBER_OBJECT_CONVERSION = YES_AGGRESSIVE;
				CLANG_CXX_LANGUAGE_STANDARD = "gnu++20";
				CLANG_ENABLE_MODULES = YES;
				CLANG_ENABLE_OBJC_ARC = YES;
				CLANG_ENABLE_OBJC_WEAK = YES;
				CLANG_WARN_BLOCK_CAPTURE_AUTORELEASING = YES;
				CLANG_WARN_BOOL_CONVERSION = YES;
				CLANG_WARN_COMMA = YES;
				CLANG_WARN_CONSTANT_CONVERSION = YES;
				CLANG_WARN_DEPRECATED_OBJC_IMPLEMENTATIONS = YES;
				CLANG_WARN_DIRECT_OBJC_ISA_USAGE = YES_ERROR;
				CLANG_WARN_DOCUMENTATION_COMMENTS = YES;
				CLANG_WARN_EMPTY_BODY = YES;
				CLANG_WARN_ENUM_CONVERSION = YES;
				CLANG_WARN_INFINITE_RECURSION = YES;
				CLANG_WARN_INT_CONVERSION = YES;
				CLANG_WARN_NON_LITERAL_NULL_CONVERSION = YES;
				CLANG_WARN_OBJC_IMPLICIT_RETAIN_SELF = YES;
				CLANG_WARN_OBJC_LITERAL_CONVERSION = YES;
				CLANG_WARN_OBJC_ROOT_CLASS = YES_ERROR;
				CLANG_WARN_QUOTED_INCLUDE_IN_FRAMEWORK_HEADER = YES;
				CLANG_WARN_RANGE_LOOP_ANALYSIS = YES;
				CLANG_WARN_STRICT_PROTOTYPES = YES;
				CLANG_WARN_SUSPICIOUS_MOVE = YES;
				CLANG_WARN_UNGUARDED_AVAILABILITY = YES_AGGRESSIVE;
				CLANG_WARN_UNREACHABLE_CODE = YES;
				CLANG_WARN__DUPLICATE_METHOD_MATCH = YES;
				COPY_PHASE_STRIP = NO;
				DEBUG_INFORMATION_FORMAT = dwarf;
				DEVELOPMENT_TEAM = 3T7N47Z579;
				ENABLE_STRICT_OBJC_MSGSEND = YES;
				ENABLE_TESTABILITY = YES;
				ENABLE_USER_SCRIPT_SANDBOXING = YES;
				GCC_C_LANGUAGE_STANDARD = gnu17;
				GCC_DYNAMIC_NO_PIC = NO;
				GCC_NO_COMMON_BLOCKS = YES;
				GCC_OPTIMIZATION_LEVEL = 0;
				GCC_PREPROCESSOR_DEFINITIONS = (
					"DEBUG=1",
					"$(inherited)",
				);
				GCC_WARN_64_TO_32_BIT_CONVERSION = YES;
				GCC_WARN_ABOUT_RETURN_TYPE = YES_ERROR;
				GCC_WARN_UNDECLARED_SELECTOR = YES;
				GCC_WARN_UNINITIALIZED_AUTOS = YES_AGGRESSIVE;
				GCC_WARN_UNUSED_FUNCTION = YES;
				GCC_WARN_UNUSED_VARIABLE = YES;
				IPHONEOS_DEPLOYMENT_TARGET = 18.5;
				LOCALIZATION_PREFERS_STRING_CATALOGS = YES;
				MTL_ENABLE_DEBUG_INFO = INCLUDE_SOURCE;
				MTL_FAST_MATH = YES;
				ONLY_ACTIVE_ARCH = YES;
				SDKROOT = iphoneos;
				SWIFT_ACTIVE_COMPILATION_CONDITIONS = "DEBUG $(inherited)";
				SWIFT_OPTIMIZATION_LEVEL = "-Onone";
			};
			name = Debug;
		};
		0B0229D52EC91286004C9925 /* Release */ = {
			isa = XCBuildConfiguration;
			buildSettings = {
				ALWAYS_SEARCH_USER_PATHS = NO;
				ASSETCATALOG_COMPILER_GENERATE_SWIFT_ASSET_SYMBOL_EXTENSIONS = YES;
				CLANG_ANALYZER_NONNULL = YES;
				CLANG_ANALYZER_NUMBER_OBJECT_CONVERSION = YES_AGGRESSIVE;
				CLANG_CXX_LANGUAGE_STANDARD = "gnu++20";
				CLANG_ENABLE_MODULES = YES;
				CLANG_ENABLE_OBJC_ARC = YES;
				CLANG_ENABLE_OBJC_WEAK = YES;
				CLANG_WARN_BLOCK_CAPTURE_AUTORELEASING = YES;
				CLANG_WARN_BOOL_CONVERSION = YES;
				CLANG_WARN_COMMA = YES;
				CLANG_WARN_CONSTANT_CONVERSION = YES;
				CLANG_WARN_DEPRECATED_OBJC_IMPLEMENTATIONS = YES;
				CLANG_WARN_DIRECT_OBJC_ISA_USAGE = YES_ERROR;
				CLANG_WARN_DOCUMENTATION_COMMENTS = YES;
				CLANG_WARN_EMPTY_BODY = YES;
				CLANG_WARN_ENUM_CONVERSION = YES;
				CLANG_WARN_INFINITE_RECURSION = YES;
				CLANG_WARN_INT_CONVERSION = YES;
				CLANG_WARN_NON_LITERAL_NULL_CONVERSION = YES;
				CLANG_WARN_OBJC_IMPLICIT_RETAIN_SELF = YES;
				CLANG_WARN_OBJC_LITERAL_CONVERSION = YES;
				CLANG_WARN_OBJC_ROOT_CLASS = YES_ERROR;
				CLANG_WARN_QUOTED_INCLUDE_IN_FRAMEWORK_HEADER = YES;
				CLANG_WARN_RANGE_LOOP_ANALYSIS = YES;
				CLANG_WARN_STRICT_PROTOTYPES = YES;
				CLANG_WARN_SUSPICIOUS_MOVE = YES;
				CLANG_WARN_UNGUARDED_AVAILABILITY = YES_AGGRESSIVE;
				CLANG_WARN_UNREACHABLE_CODE = YES;
				CLANG_WARN__DUPLICATE_METHOD_MATCH = YES;
				COPY_PHASE_STRIP = NO;
				DEBUG_INFORMATION_FORMAT = "dwarf-with-dsym";
				DEVELOPMENT_TEAM = 3T7N47Z579;
				ENABLE_NS_ASSERTIONS = NO;
				ENABLE_STRICT_OBJC_MSGSEND = YES;
				ENABLE_USER_SCRIPT_SANDBOXING = YES;
				GCC_C_LANGUAGE_STANDARD = gnu17;
				GCC_NO_COMMON_BLOCKS = YES;
				GCC_WARN_64_TO_32_BIT_CONVERSION = YES;
				GCC_WARN_ABOUT_RETURN_TYPE = YES_ERROR;
				GCC_WARN_UNDECLARED_SELECTOR = YES;
				GCC_WARN_UNINITIALIZED_AUTOS = YES_AGGRESSIVE;
				GCC_WARN_UNUSED_FUNCTION = YES;
				GCC_WARN_UNUSED_VARIABLE = YES;
				IPHONEOS_DEPLOYMENT_TARGET = 18.5;
				LOCALIZATION_PREFERS_STRING_CATALOGS = YES;
				MTL_ENABLE_DEBUG_INFO = NO;
				MTL_FAST_MATH = YES;
				SDKROOT = iphoneos;
				SWIFT_COMPILATION_MODE = wholemodule;
				VALIDATE_PRODUCT = YES;
			};
			name = Release;
		};
		0B0229D72EC91286004C9925 /* Debug */ = {
			isa = XCBuildConfiguration;
			buildSettings = {
				ASSETCATALOG_COMPILER_APPICON_NAME = AppIcon;
				ASSETCATALOG_COMPILER_GLOBAL_ACCENT_COLOR_NAME = AccentColor;
				CODE_SIGN_ENTITLEMENTS = "toma-aguita/toma-aguita.entitlements";
				CODE_SIGN_STYLE = Automatic;
				CURRENT_PROJECT_VERSION = 1;
				DEVELOPMENT_TEAM = 3T7N47Z579;
				ENABLE_PREVIEWS = YES;
				GENERATE_INFOPLIST_FILE = YES;
				INFOPLIST_KEY_CFBundleDisplayName = "Toma Aguita";
				INFOPLIST_KEY_UIApplicationSceneManifest_Generation = YES;
				INFOPLIST_KEY_UIApplicationSupportsIndirectInputEvents = YES;
				INFOPLIST_KEY_UILaunchScreen_Generation = YES;
				INFOPLIST_KEY_UISupportedInterfaceOrientations_iPad = "UIInterfaceOrientationPortrait UIInterfaceOrientationPortraitUpsideDown UIInterfaceOrientationLandscapeLeft UIInterfaceOrientationLandscapeRight";
				INFOPLIST_KEY_UISupportedInterfaceOrientations_iPhone = "UIInterfaceOrientationPortrait UIInterfaceOrientationLandscapeLeft UIInterfaceOrientationLandscapeRight";
				LD_RUNPATH_SEARCH_PATHS = (
					"$(inherited)",
					"@executable_path/Frameworks",
				);
				MARKETING_VERSION = 1.0;
				PRODUCT_BUNDLE_IDENTIFIER = "com.mzj.toma-aguita";
				PRODUCT_NAME = "$(TARGET_NAME)";
				SWIFT_EMIT_LOC_STRINGS = YES;
				SWIFT_VERSION = 5.0;
				TARGETED_DEVICE_FAMILY = "1,2";
			};
			name = Debug;
		};
		0B0229D82EC91286004C9925 /* Release */ = {
			isa = XCBuildConfiguration;
			buildSettings = {
				ASSETCATALOG_COMPILER_APPICON_NAME = AppIcon;
				ASSETCATALOG_COMPILER_GLOBAL_ACCENT_COLOR_NAME = AccentColor;
				CODE_SIGN_ENTITLEMENTS = "toma-aguita/toma-aguita.entitlements";
				CODE_SIGN_STYLE = Automatic;
				CURRENT_PROJECT_VERSION = 1;
				DEVELOPMENT_TEAM = 3T7N47Z579;
				ENABLE_PREVIEWS = YES;
				GENERATE_INFOPLIST_FILE = YES;
				INFOPLIST_KEY_CFBundleDisplayName = "Toma Aguita";
				INFOPLIST_KEY_UIApplicationSceneManifest_Generation = YES;
				INFOPLIST_KEY_UIApplicationSupportsIndirectInputEvents = YES;
				INFOPLIST_KEY_UILaunchScreen_Generation = YES;
				INFOPLIST_KEY_UISupportedInterfaceOrientations_iPad = "UIInterfaceOrientationPortrait UIInterfaceOrientationPortraitUpsideDown UIInterfaceOrientationLandscapeLeft UIInterfaceOrientationLandscapeRight";
				INFOPLIST_KEY_UISupportedInterfaceOrientations_iPhone = "UIInterfaceOrientationPortrait UIInterfaceOrientationLandscapeLeft UIInterfaceOrientationLandscapeRight";
				LD_RUNPATH_SEARCH_PATHS = (
					"$(inherited)",
					"@executable_path/Frameworks",
				);
				MARKETING_VERSION = 1.0;
				PRODUCT_BUNDLE_IDENTIFIER = "com.mzj.toma-aguita";
				PRODUCT_NAME = "$(TARGET_NAME)";
				SWIFT_EMIT_LOC_STRINGS = YES;
				SWIFT_VERSION = 5.0;
				TARGETED_DEVICE_FAMILY = "1,2";
			};
			name = Release;
		};
		0B0229DA2EC91286004C9925 /* Debug */ = {
			isa = XCBuildConfiguration;
			buildSettings = {
				BUNDLE_LOADER = "$(TEST_HOST)";
				CODE_SIGN_STYLE = Automatic;
				CURRENT_PROJECT_VERSION = 1;
				DEVELOPMENT_TEAM = 3T7N47Z579;
				GENERATE_INFOPLIST_FILE = YES;
				IPHONEOS_DEPLOYMENT_TARGET = 18.5;
				MARKETING_VERSION = 1.0;
				PRODUCT_BUNDLE_IDENTIFIER = "com.mzj.toma-aguitaTests";
				PRODUCT_NAME = "$(TARGET_NAME)";
				SWIFT_EMIT_LOC_STRINGS = NO;
				SWIFT_VERSION = 5.0;
				TARGETED_DEVICE_FAMILY = "1,2";
				TEST_HOST = "$(BUILT_PRODUCTS_DIR)/toma-aguita.app/$(BUNDLE_EXECUTABLE_FOLDER_PATH)/toma-aguita";
			};
			name = Debug;
		};
		0B0229DB2EC91286004C9925 /* Release */ = {
			isa = XCBuildConfiguration;
			buildSettings = {
				BUNDLE_LOADER = "$(TEST_HOST)";
				CODE_SIGN_STYLE = Automatic;
				CURRENT_PROJECT_VERSION = 1;
				DEVELOPMENT_TEAM = 3T7N47Z579;
				GENERATE_INFOPLIST_FILE = YES;
				IPHONEOS_DEPLOYMENT_TARGET = 18.5;
				MARKETING_VERSION = 1.0;
				PRODUCT_BUNDLE_IDENTIFIER = "com.mzj.toma-aguitaTests";
				PRODUCT_NAME = "$(TARGET_NAME)";
				SWIFT_EMIT_LOC_STRINGS = NO;
				SWIFT_VERSION = 5.0;
				TARGETED_DEVICE_FAMILY = "1,2";
				TEST_HOST = "$(BUILT_PRODUCTS_DIR)/toma-aguita.app/$(BUNDLE_EXECUTABLE_FOLDER_PATH)/toma-aguita";
			};
			name = Release;
		};
		0B0229DD2EC91286004C9925 /* Debug */ = {
			isa = XCBuildConfiguration;
			buildSettings = {
				CODE_SIGN_STYLE = Automatic;
				CURRENT_PROJECT_VERSION = 1;
				DEVELOPMENT_TEAM = 3T7N47Z579;
				GENERATE_INFOPLIST_FILE = YES;
				MARKETING_VERSION = 1.0;
				PRODUCT_BUNDLE_IDENTIFIER = "com.mzj.toma-aguitaUITests";
				PRODUCT_NAME = "$(TARGET_NAME)";
				SWIFT_EMIT_LOC_STRINGS = NO;
				SWIFT_VERSION = 5.0;
				TARGETED_DEVICE_FAMILY = "1,2";
				TEST_TARGET_NAME = "toma-aguita";
			};
			name = Debug;
		};
		0B0229DE2EC91286004C9925 /* Release */ = {
			isa = XCBuildConfiguration;
			buildSettings = {
				CODE_SIGN_STYLE = Automatic;
				CURRENT_PROJECT_VERSION = 1;
				DEVELOPMENT_TEAM = 3T7N47Z579;
				GENERATE_INFOPLIST_FILE = YES;
				MARKETING_VERSION = 1.0;
				PRODUCT_BUNDLE_IDENTIFIER = "com.mzj.toma-aguitaUITests";
				PRODUCT_NAME = "$(TARGET_NAME)";
				SWIFT_EMIT_LOC_STRINGS = NO;
				SWIFT_VERSION = 5.0;
				TARGETED_DEVICE_FAMILY = "1,2";
				TEST_TARGET_NAME = "toma-aguita";
			};
			name = Release;
		};
		0B022A012EC91E49004C9925 /* Debug */ = {
			isa = XCBuildConfiguration;
			buildSettings = {
				ASSETCATALOG_COMPILER_GLOBAL_ACCENT_COLOR_NAME = AccentColor;
				ASSETCATALOG_COMPILER_WIDGET_BACKGROUND_COLOR_NAME = WidgetBackground;
				CODE_SIGN_ENTITLEMENTS = "toma-aguita.entitlements";
				CODE_SIGN_STYLE = Automatic;
				CURRENT_PROJECT_VERSION = 1;
				DEVELOPMENT_TEAM = 3T7N47Z579;
				INFOPLIST_FILE = "TomaAguitaWidgetExtension-Info.plist";
				INFOPLIST_KEY_CFBundleDisplayName = TomaAguitaWidget;
				INFOPLIST_KEY_NSHumanReadableCopyright = "";
				LD_RUNPATH_SEARCH_PATHS = (
					"$(inherited)",
					"@executable_path/Frameworks",
					"@executable_path/../../Frameworks",
				);
				MARKETING_VERSION = 1.0;
				PRODUCT_BUNDLE_IDENTIFIER = "com.mzj.toma-aguita.TomaAguitaWidget";
				PRODUCT_NAME = "$(TARGET_NAME)";
				SKIP_INSTALL = YES;
				SWIFT_EMIT_LOC_STRINGS = YES;
				SWIFT_VERSION = 5.0;
				TARGETED_DEVICE_FAMILY = "1,2";
			};
			name = Debug;
		};
		0B022A022EC91E49004C9925 /* Release */ = {
			isa = XCBuildConfiguration;
			buildSettings = {
				ASSETCATALOG_COMPILER_GLOBAL_ACCENT_COLOR_NAME = AccentColor;
				ASSETCATALOG_COMPILER_WIDGET_BACKGROUND_COLOR_NAME = WidgetBackground;
				CODE_SIGN_ENTITLEMENTS = "toma-aguita.entitlements";
				CODE_SIGN_STYLE = Automatic;
				CURRENT_PROJECT_VERSION = 1;
				DEVELOPMENT_TEAM = 3T7N47Z579;
				INFOPLIST_FILE = "TomaAguitaWidgetExtension-Info.plist";
				INFOPLIST_KEY_CFBundleDisplayName = TomaAguitaWidget;
				INFOPLIST_KEY_NSHumanReadableCopyright = "";
				LD_RUNPATH_SEARCH_PATHS = (
					"$(inherited)",
					"@executable_path/Frameworks",
					"@executable_path/../../Frameworks",
				);
				MARKETING_VERSION = 1.0;
				PRODUCT_BUNDLE_IDENTIFIER = "com.mzj.toma-aguita.TomaAguitaWidget";
				PRODUCT_NAME = "$(TARGET_NAME)";
				SKIP_INSTALL = YES;
				SWIFT_EMIT_LOC_STRINGS = YES;
				SWIFT_VERSION = 5.0;
				TARGETED_DEVICE_FAMILY = "1,2";
			};
			name = Release;
		};
/* End XCBuildConfiguration section */

/* Begin XCConfigurationList section */
		0B0229B02EC91285004C9925 /* Build configuration list for PBXProject "toma-aguita" */ = {
			isa = XCConfigurationList;
			buildConfigurations = (
				0B0229D42EC91286004C9925 /* Debug */,
				0B0229D52EC91286004C9925 /* Release */,
			);
			defaultConfigurationIsVisible = 0;
			defaultConfigurationName = Release;
		};
		0B0229D62EC91286004C9925 /* Build configuration list for PBXNativeTarget "toma-aguita" */ = {
			isa = XCConfigurationList;
			buildConfigurations = (
				0B0229D72EC91286004C9925 /* Debug */,
				0B0229D82EC91286004C9925 /* Release */,
			);
			defaultConfigurationIsVisible = 0;
			defaultConfigurationName = Release;
		};
		0B0229D92EC91286004C9925 /* Build configuration list for PBXNativeTarget "toma-aguitaTests" */ = {
			isa = XCConfigurationList;
			buildConfigurations = (
				0B0229DA2EC91286004C9925 /* Debug */,
				0B0229DB2EC91286004C9925 /* Release */,
			);
			defaultConfigurationIsVisible = 0;
			defaultConfigurationName = Release;
		};
		0B0229DC2EC91286004C9925 /* Build configuration list for PBXNativeTarget "toma-aguitaUITests" */ = {
			isa = XCConfigurationList;
			buildConfigurations = (
				0B0229DD2EC91286004C9925 /* Debug */,
				0B0229DE2EC91286004C9925 /* Release */,
			);
			defaultConfigurationIsVisible = 0;
			defaultConfigurationName = Release;
		};
		0B022A002EC91E49004C9925 /* Build configuration list for PBXNativeTarget "TomaAguitaWidgetExtension" */ = {
			isa = XCConfigurationList;
			buildConfigurations = (
				0B022A012EC91E49004C9925 /* Debug */,
				0B022A022EC91E49004C9925 /* Release */,
			);
			defaultConfigurationIsVisible = 0;
			defaultConfigurationName = Release;
		};
/* End XCConfigurationList section */
	};
	rootObject = 0B0229AD2EC91285004C9925 /* Project object */;
}
